
Microsoft Visual Studio Solution File, Format Version 12.00
# Visual Studio Version 17
VisualStudioVersion = 17.0.32014.148
MinimumVisualStudioVersion = 10.0.40219.1
Project("{FAE04EC0-301F-11D3-BF4B-00C04F79EFBC}") = "AutoRoyale", "AutoRoyale\AutoRoyale.csproj", "{079BB3F9-8B17-4C93-8BCA-6954D198A15C}"
EndProject
Project("{FAE04EC0-301F-11D3-BF4B-00C04F79EFBC}") = "ColorFinder", "ColorFinder\ColorFinder.csproj", "{5234B299-785F-4B69-86F0-E36B6DEA1DE7}"
EndProject
Project("{FAE04EC0-301F-11D3-BF4B-00C04F79EFBC}") = "AutoRoyaleApp", "AutoRoyaleApp\AutoRoyaleApp.csproj", "{D1117621-5330-4212-BBB8-08DEA1767E05}"
EndProject
Global
	GlobalSection(SolutionConfigurationPlatforms) = preSolution
		Debug|Any CPU = Debug|Any CPU
		Release|Any CPU = Release|Any CPU
	EndGlobalSection
	GlobalSection(ProjectConfigurationPlatforms) = postSolution
		{079BB3F9-8B17-4C93-8BCA-6954D198A15C}.Debug|Any CPU.ActiveCfg = Debug|Any CPU
		{079BB3F9-8B17-4C93-8BCA-6954D198A15C}.Debug|Any CPU.Build.0 = Debug|Any CPU
		{079BB3F9-8B17-4C93-8BCA-6954D198A15C}.Release|Any CPU.ActiveCfg = Release|Any CPU
		{079BB3F9-8B17-4C93-8BCA-6954D198A15C}.Release|Any CPU.Build.0 = Release|Any CPU
		{5234B299-785F-4B69-86F0-E36B6DEA1DE7}.Debug|Any CPU.ActiveCfg = Debug|Any CPU
		{5234B299-785F-4B69-86F0-E36B6DEA1DE7}.Debug|Any CPU.Build.0 = Debug|Any CPU
		{5234B299-785F-4B69-86F0-E36B6DEA1DE7}.Release|Any CPU.ActiveCfg = Release|Any CPU
		{5234B299-785F-4B69-86F0-E36B6DEA1DE7}.Release|Any CPU.Build.0 = Release|Any CPU
		{D1117621-5330-4212-BBB8-08DEA1767E05}.Debug|Any CPU.ActiveCfg = Debug|Any CPU
		{D1117621-5330-4212-BBB8-08DEA1767E05}.Debug|Any CPU.Build.0 = Debug|Any CPU
		{D1117621-5330-4212-BBB8-08DEA1767E05}.Release|Any CPU.ActiveCfg = Release|Any CPU
		{D1117621-5330-4212-BBB8-08DEA1767E05}.Release|Any CPU.Build.0 = Release|Any CPU
	EndGlobalSection
	GlobalSection(SolutionProperties) = preSolution
		HideSolutionNode = FALSE
	EndGlobalSection
	GlobalSection(ExtensibilityGlobals) = postSolution
		SolutionGuid = {F5CC3151-9C78-4AA0-88C3-D87C731C2305}
	EndGlobalSection
EndGlobal
