
Microsoft Visual Studio Solution File, Format Version 12.00
# Visual Studio Version 17
VisualStudioVersion = 17.0.32014.148
MinimumVisualStudioVersion = 10.0.40219.1
Project("{8BC9CEB8-8B4A-11D0-8D11-00A0C91BC942}") = "FarmBot", "FarmBot\FarmBot.vcxproj", "{BB59E09C-77BC-4AD0-8424-2B5651F340A9}"
EndProject
Global
	GlobalSection(SolutionConfigurationPlatforms) = preSolution
		Debug|x64 = Debug|x64
		Debug|x86 = Debug|x86
		Release|x64 = Release|x64
		Release|x86 = Release|x86
	EndGlobalSection
	GlobalSection(ProjectConfigurationPlatforms) = postSolution
		{BB59E09C-77BC-4AD0-8424-2B5651F340A9}.Debug|x64.ActiveCfg = Debug|x64
		{BB59E09C-77BC-4AD0-8424-2B5651F340A9}.Debug|x64.Build.0 = Debug|x64
		{BB59E09C-77BC-4AD0-8424-2B5651F340A9}.Debug|x86.ActiveCfg = Debug|Win32
		{BB59E09C-77BC-4AD0-8424-2B5651F340A9}.Debug|x86.Build.0 = Debug|Win32
		{BB59E09C-77BC-4AD0-8424-2B5651F340A9}.Release|x64.ActiveCfg = Release|x64
		{BB59E09C-77BC-4AD0-8424-2B5651F340A9}.Release|x64.Build.0 = Release|x64
		{BB59E09C-77BC-4AD0-8424-2B5651F340A9}.Release|x86.ActiveCfg = Release|Win32
		{BB59E09C-77BC-4AD0-8424-2B5651F340A9}.Release|x86.Build.0 = Release|Win32
	EndGlobalSection
	GlobalSection(SolutionProperties) = preSolution
		HideSolutionNode = FALSE
	EndGlobalSection
	GlobalSection(ExtensibilityGlobals) = postSolution
		SolutionGuid = {1478C7EF-4A0C-47A1-915A-7DFEFBC674CD}
	EndGlobalSection
EndGlobal
